// !$*UTF8*$!
{
	archiveVersion = 1;
	classes = {
	};
	objectVersion = 48;
	objects = {

/* Begin PBXBuildFile section */
		A941FDA91FB5FD88005AF2C0 /* AppDelegate.swift in Sources */ = {isa = PBXBuildFile; fileRef = A941FDA81FB5FD88005AF2C0 /* AppDelegate.swift */; };
		A941FDAB1FB5FD88005AF2C0 /* MainViewController.swift in Sources */ = {isa = PBXBuildFile; fileRef = A941FDAA1FB5FD88005AF2C0 /* MainViewController.swift */; };
		A941FDAE1FB5FD88005AF2C0 /* Main.storyboard in Resources */ = {isa = PBXBuildFile; fileRef = A941FDAC1FB5FD88005AF2C0 /* Main.storyboard */; };
		A941FDB01FB5FD88005AF2C0 /* Assets.xcassets in Resources */ = {isa = PBXBuildFile; fileRef = A941FDAF1FB5FD88005AF2C0 /* Assets.xcassets */; };
		A941FDB31FB5FD88005AF2C0 /* LaunchScreen.storyboard in Resources */ = {isa = PBXBuildFile; fileRef = A941FDB11FB5FD88005AF2C0 /* LaunchScreen.storyboard */; };
		A941FDBB1FB5FDFB005AF2C0 /* LeakyViewController.swift in Sources */ = {isa = PBXBuildFile; fileRef = A941FDBA1FB5FDFB005AF2C0 /* LeakyViewController.swift */; };
		A94BE5F31FB62F1200897C1D /* UnownedViewController.swift in Sources */ = {isa = PBXBuildFile; fileRef = A94BE5F21FB62F1200897C1D /* UnownedViewController.swift */; };
		A94BE5F51FB6306D00897C1D /* NoCycleViewController.swift in Sources */ = {isa = PBXBuildFile; fileRef = A94BE5F41FB6306D00897C1D /* NoCycleViewController.swift */; };
		A99570A21FB62B1800FD253F /* Constants.swift in Sources */ = {isa = PBXBuildFile; fileRef = A99570A11FB62B1800FD253F /* Constants.swift */; };
		A99570A41FB62BCE00FD253F /* LeakyButton.swift in Sources */ = {isa = PBXBuildFile; fileRef = A99570A31FB62BCE00FD253F /* LeakyButton.swift */; };
/* End PBXBuildFile section */

/* Begin PBXFileReference section */
		A941FDA51FB5FD88005AF2C0 /* ClosureMemoryLeak.app */ = {isa = PBXFileReference; explicitFileType = wrapper.application; includeInIndex = 0; path = ClosureMemoryLeak.app; sourceTree = BUILT_PRODUCTS_DIR; };
		A941FDA81FB5FD88005AF2C0 /* AppDelegate.swift */ = {isa = PBXFileReference; lastKnownFileType = sourcecode.swift; path = AppDelegate.swift; sourceTree = "<group>"; };
		A941FDAA1FB5FD88005AF2C0 /* MainViewController.swift */ = {isa = PBXFileReference; lastKnownFileType = sourcecode.swift; path = MainViewController.swift; sourceTree = "<group>"; };
		A941FDAD1FB5FD88005AF2C0 /* Base */ = {isa = PBXFileReference; lastKnownFileType = file.storyboard; name = Base; path = Base.lproj/Main.storyboard; sourceTree = "<group>"; };
		A941FDAF1FB5FD88005AF2C0 /* Assets.xcassets */ = {isa = PBXFileReference; lastKnownFileType = folder.assetcatalog; path = Assets.xcassets; sourceTree = "<group>"; };
		A941FDB21FB5FD88005AF2C0 /* Base */ = {isa = PBXFileReference; lastKnownFileType = file.storyboard; name = Base; path = Base.lproj/LaunchScreen.storyboard; sourceTree = "<group>"; };
		A941FDB41FB5FD88005AF2C0 /* Info.plist */ = {isa = PBXFileReference; lastKnownFileType = text.plist.xml; path = Info.plist; sourceTree = "<group>"; };
		A941FDBA1FB5FDFB005AF2C0 /* LeakyViewController.swift */ = {isa = PBXFileReference; lastKnownFileType = sourcecode.swift; path = LeakyViewController.swift; sourceTree = "<group>"; };
		A94BE5F21FB62F1200897C1D /* UnownedViewController.swift */ = {isa = PBXFileReference; lastKnownFileType = sourcecode.swift; path = UnownedViewController.swift; sourceTree = "<group>"; };
		A94BE5F41FB6306D00897C1D /* NoCycleViewController.swift */ = {isa = PBXFileReference; lastKnownFileType = sourcecode.swift; path = NoCycleViewController.swift; sourceTree = "<group>"; };
		A99570A11FB62B1800FD253F /* Constants.swift */ = {isa = PBXFileReference; lastKnownFileType = sourcecode.swift; path = Constants.swift; sourceTree = "<group>"; };
		A99570A31FB62BCE00FD253F /* LeakyButton.swift */ = {isa = PBXFileReference; lastKnownFileType = sourcecode.swift; path = LeakyButton.swift; sourceTree = "<group>"; };
/* End PBXFileReference section */

/* Begin PBXFrameworksBuildPhase section */
		A941FDA21FB5FD88005AF2C0 /* Frameworks */ = {
			isa = PBXFrameworksBuildPhase;
			buildActionMask = 2147483647;
			files = (
			);
			runOnlyForDeploymentPostprocessing = 0;
		};
/* End PBXFrameworksBuildPhase section */

/* Begin PBXGroup section */
		A941FD9C1FB5FD88005AF2C0 = {
			isa = PBXGroup;
			children = (
				A941FDA71FB5FD88005AF2C0 /* ClosureMemoryLeak */,
				A941FDA61FB5FD88005AF2C0 /* Products */,
			);
			sourceTree = "<group>";
		};
		A941FDA61FB5FD88005AF2C0 /* Products */ = {
			isa = PBXGroup;
			children = (
				A941FDA51FB5FD88005AF2C0 /* ClosureMemoryLeak.app */,
			);
			name = Products;
			sourceTree = "<group>";
		};
		A941FDA71FB5FD88005AF2C0 /* ClosureMemoryLeak */ = {
			isa = PBXGroup;
			children = (
				A941FDA81FB5FD88005AF2C0 /* AppDelegate.swift */,
				A94BE5EE1FB62C6400897C1D /* Models */,
				A94BE5ED1FB62C5F00897C1D /* Views */,
				A94BE5EC1FB62C5300897C1D /* Controllers */,
				A94BE5EF1FB62C7400897C1D /* Supporting Files */,
				A941FDB41FB5FD88005AF2C0 /* Info.plist */,
			);
			path = ClosureMemoryLeak;
			sourceTree = "<group>";
		};
		A94BE5EC1FB62C5300897C1D /* Controllers */ = {
			isa = PBXGroup;
			children = (
				A941FDAA1FB5FD88005AF2C0 /* MainViewController.swift */,
				A941FDBA1FB5FDFB005AF2C0 /* LeakyViewController.swift */,
				A94BE5F21FB62F1200897C1D /* UnownedViewController.swift */,
				A94BE5F41FB6306D00897C1D /* NoCycleViewController.swift */,
			);
			path = Controllers;
			sourceTree = "<group>";
		};
		A94BE5ED1FB62C5F00897C1D /* Views */ = {
			isa = PBXGroup;
			children = (
				A99570A31FB62BCE00FD253F /* LeakyButton.swift */,
			);
			path = Views;
			sourceTree = "<group>";
		};
		A94BE5EE1FB62C6400897C1D /* Models */ = {
			isa = PBXGroup;
			children = (
				A99570A11FB62B1800FD253F /* Constants.swift */,
			);
			path = Models;
			sourceTree = "<group>";
		};
		A94BE5EF1FB62C7400897C1D /* Supporting Files */ = {
			isa = PBXGroup;
			children = (
				A941FDAC1FB5FD88005AF2C0 /* Main.storyboard */,
				A941FDB11FB5FD88005AF2C0 /* LaunchScreen.storyboard */,
				A941FDAF1FB5FD88005AF2C0 /* Assets.xcassets */,
			);
			path = "Supporting Files";
			sourceTree = "<group>";
		};
/* End PBXGroup section */

/* Begin PBXNativeTarget section */
		A941FDA41FB5FD88005AF2C0 /* ClosureMemoryLeak */ = {
			isa = PBXNativeTarget;
			buildConfigurationList = A941FDB71FB5FD88005AF2C0 /* Build configuration list for PBXNativeTarget "ClosureMemoryLeak" */;
			buildPhases = (
				A941FDA11FB5FD88005AF2C0 /* Sources */,
				A941FDA21FB5FD88005AF2C0 /* Frameworks */,
				A941FDA31FB5FD88005AF2C0 /* Resources */,
			);
			buildRules = (
			);
			dependencies = (
			);
			name = ClosureMemoryLeak;
			productName = ClosureMemoryLeak;
			productReference = A941FDA51FB5FD88005AF2C0 /* ClosureMemoryLeak.app */;
			productType = "com.apple.product-type.application";
		};
/* End PBXNativeTarget section */

/* Begin PBXProject section */
		A941FD9D1FB5FD88005AF2C0 /* Project object */ = {
			isa = PBXProject;
			attributes = {
				LastSwiftUpdateCheck = 0910;
				LastUpgradeCheck = 0910;
				ORGANIZATIONNAME = Udacity;
				TargetAttributes = {
					A941FDA41FB5FD88005AF2C0 = {
						CreatedOnToolsVersion = 9.1;
						ProvisioningStyle = Automatic;
					};
				};
			};
			buildConfigurationList = A941FDA01FB5FD88005AF2C0 /* Build configuration list for PBXProject "ClosureMemoryLeak" */;
			compatibilityVersion = "Xcode 8.0";
			developmentRegion = en;
			hasScannedForEncodings = 0;
			knownRegions = (
				en,
				Base,
			);
			mainGroup = A941FD9C1FB5FD88005AF2C0;
			productRefGroup = A941FDA61FB5FD88005AF2C0 /* Products */;
			projectDirPath = "";
			projectRoot = "";
			targets = (
				A941FDA41FB5FD88005AF2C0 /* ClosureMemoryLeak */,
			);
		};
/* End PBXProject section */

/* Begin PBXResourcesBuildPhase section */
		A941FDA31FB5FD88005AF2C0 /* Resources */ = {
			isa = PBXResourcesBuildPhase;
			buildActionMask = 2147483647;
			files = (
				A941FDB31FB5FD88005AF2C0 /* LaunchScreen.storyboard in Resources */,
				A941FDB01FB5FD88005AF2C0 /* Assets.xcassets in Resources */,
				A941FDAE1FB5FD88005AF2C0 /* Main.storyboard in Resources */,
			);
			runOnlyForDeploymentPostprocessing = 0;
		};
/* End PBXResourcesBuildPhase section */

/* Begin PBXSourcesBuildPhase section */
		A941FDA11FB5FD88005AF2C0 /* Sources */ = {
			isa = PBXSourcesBuildPhase;
			buildActionMask = 2147483647;
			files = (
				A941FDBB1FB5FDFB005AF2C0 /* LeakyViewController.swift in Sources */,
				A941FDAB1FB5FD88005AF2C0 /* MainViewController.swift in Sources */,
				A94BE5F51FB6306D00897C1D /* NoCycleViewController.swift in Sources */,
				A941FDA91FB5FD88005AF2C0 /* AppDelegate.swift in Sources */,
				A94BE5F31FB62F1200897C1D /* UnownedViewController.swift in Sources */,
				A99570A21FB62B1800FD253F /* Constants.swift in Sources */,
				A99570A41FB62BCE00FD253F /* LeakyButton.swift in Sources */,
			);
			runOnlyForDeploymentPostprocessing = 0;
		};
/* End PBXSourcesBuildPhase section */

/* Begin PBXVariantGroup section */
		A941FDAC1FB5FD88005AF2C0 /* Main.storyboard */ = {
			isa = PBXVariantGroup;
			children = (
				A941FDAD1FB5FD88005AF2C0 /* Base */,
			);
			name = Main.storyboard;
			sourceTree = "<group>";
		};
		A941FDB11FB5FD88005AF2C0 /* LaunchScreen.storyboard */ = {
			isa = PBXVariantGroup;
			children = (
				A941FDB21FB5FD88005AF2C0 /* Base */,
			);
			name = LaunchScreen.storyboard;
			sourceTree = "<group>";
		};
/* End PBXVariantGroup section */

/* Begin XCBuildConfiguration section */
		A941FDB51FB5FD88005AF2C0 /* Debug */ = {
			isa = XCBuildConfiguration;
			buildSettings = {
				ALWAYS_SEARCH_USER_PATHS = NO;
				CLANG_ANALYZER_NONNULL = YES;
				CLANG_ANALYZER_NUMBER_OBJECT_CONVERSION = YES_AGGRESSIVE;
				CLANG_CXX_LANGUAGE_STANDARD = "gnu++14";
				CLANG_CXX_LIBRARY = "libc++";
				CLANG_ENABLE_MODULES = YES;
				CLANG_ENABLE_OBJC_ARC = YES;
				CLANG_WARN_BLOCK_CAPTURE_AUTORELEASING = YES;
				CLANG_WARN_BOOL_CONVERSION = YES;
				CLANG_WARN_COMMA = YES;
				CLANG_WARN_CONSTANT_CONVERSION = YES;
				CLANG_WARN_DIRECT_OBJC_ISA_USAGE = YES_ERROR;
				CLANG_WARN_DOCUMENTATION_COMMENTS = YES;
				CLANG_WARN_EMPTY_BODY = YES;
				CLANG_WARN_ENUM_CONVERSION = YES;
				CLANG_WARN_INFINITE_RECURSION = YES;
				CLANG_WARN_INT_CONVERSION = YES;
				CLANG_WARN_NON_LITERAL_NULL_CONVERSION = YES;
				CLANG_WARN_OBJC_LITERAL_CONVERSION = YES;
				CLANG_WARN_OBJC_ROOT_CLASS = YES_ERROR;
				CLANG_WARN_RANGE_LOOP_ANALYSIS = YES;
				CLANG_WARN_STRICT_PROTOTYPES = YES;
				CLANG_WARN_SUSPICIOUS_MOVE = YES;
				CLANG_WARN_UNGUARDED_AVAILABILITY = YES_AGGRESSIVE;
				CLANG_WARN_UNREACHABLE_CODE = YES;
				CLANG_WARN__DUPLICATE_METHOD_MATCH = YES;
				CODE_SIGN_IDENTITY = "iPhone Developer";
				COPY_PHASE_STRIP = NO;
				DEBUG_INFORMATION_FORMAT = dwarf;
				ENABLE_STRICT_OBJC_MSGSEND = YES;
				ENABLE_TESTABILITY = YES;
				GCC_C_LANGUAGE_STANDARD = gnu11;
				GCC_DYNAMIC_NO_PIC = NO;
				GCC_NO_COMMON_BLOCKS = YES;
				GCC_OPTIMIZATION_LEVEL = 0;
				GCC_PREPROCESSOR_DEFINITIONS = (
					"DEBUG=1",
					"$(inherited)",
				);
				GCC_WARN_64_TO_32_BIT_CONVERSION = YES;
				GCC_WARN_ABOUT_RETURN_TYPE = YES_ERROR;
				GCC_WARN_UNDECLARED_SELECTOR = YES;
				GCC_WARN_UNINITIALIZED_AUTOS = YES_AGGRESSIVE;
				GCC_WARN_UNUSED_FUNCTION = YES;
				GCC_WARN_UNUSED_VARIABLE = YES;
				IPHONEOS_DEPLOYMENT_TARGET = 11.1;
				MTL_ENABLE_DEBUG_INFO = YES;
				ONLY_ACTIVE_ARCH = YES;
				SDKROOT = iphoneos;
				SWIFT_ACTIVE_COMPILATION_CONDITIONS = DEBUG;
				SWIFT_OPTIMIZATION_LEVEL = "-Onone";
			};
			name = Debug;
		};
		A941FDB61FB5FD88005AF2C0 /* Release */ = {
			isa = XCBuildConfiguration;
			buildSettings = {
				ALWAYS_SEARCH_USER_PATHS = NO;
				CLANG_ANALYZER_NONNULL = YES;
				CLANG_ANALYZER_NUMBER_OBJECT_CONVERSION = YES_AGGRESSIVE;
				CLANG_CXX_LANGUAGE_STANDARD = "gnu++14";
				CLANG_CXX_LIBRARY = "libc++";
				CLANG_ENABLE_MODULES = YES;
				CLANG_ENABLE_OBJC_ARC = YES;
				CLANG_WARN_BLOCK_CAPTURE_AUTORELEASING = YES;
				CLANG_WARN_BOOL_CONVERSION = YES;
				CLANG_WARN_COMMA = YES;
				CLANG_WARN_CONSTANT_CONVERSION = YES;
				CLANG_WARN_DIRECT_OBJC_ISA_USAGE = YES_ERROR;
				CLANG_WARN_DOCUMENTATION_COMMENTS = YES;
				CLANG_WARN_EMPTY_BODY = YES;
				CLANG_WARN_ENUM_CONVERSION = YES;
				CLANG_WARN_INFINITE_RECURSION = YES;
				CLANG_WARN_INT_CONVERSION = YES;
				CLANG_WARN_NON_LITERAL_NULL_CONVERSION = YES;
				CLANG_WARN_OBJC_LITERAL_CONVERSION = YES;
				CLANG_WARN_OBJC_ROOT_CLASS = YES_ERROR;
				CLANG_WARN_RANGE_LOOP_ANALYSIS = YES;
				CLANG_WARN_STRICT_PROTOTYPES = YES;
				CLANG_WARN_SUSPICIOUS_MOVE = YES;
				CLANG_WARN_UNGUARDED_AVAILABILITY = YES_AGGRESSIVE;
				CLANG_WARN_UNREACHABLE_CODE = YES;
				CLANG_WARN__DUPLICATE_METHOD_MATCH = YES;
				CODE_SIGN_IDENTITY = "iPhone Developer";
				COPY_PHASE_STRIP = NO;
				DEBUG_INFORMATION_FORMAT = "dwarf-with-dsym";
				ENABLE_NS_ASSERTIONS = NO;
				ENABLE_STRICT_OBJC_MSGSEND = YES;
				GCC_C_LANGUAGE_STANDARD = gnu11;
				GCC_NO_COMMON_BLOCKS = YES;
				GCC_WARN_64_TO_32_BIT_CONVERSION = YES;
				GCC_WARN_ABOUT_RETURN_TYPE = YES_ERROR;
				GCC_WARN_UNDECLARED_SELECTOR = YES;
				GCC_WARN_UNINITIALIZED_AUTOS = YES_AGGRESSIVE;
				GCC_WARN_UNUSED_FUNCTION = YES;
				GCC_WARN_UNUSED_VARIABLE = YES;
				IPHONEOS_DEPLOYMENT_TARGET = 11.1;
				MTL_ENABLE_DEBUG_INFO = NO;
				SDKROOT = iphoneos;
				SWIFT_OPTIMIZATION_LEVEL = "-Owholemodule";
				VALIDATE_PRODUCT = YES;
			};
			name = Release;
		};
		A941FDB81FB5FD88005AF2C0 /* Debug */ = {
			isa = XCBuildConfiguration;
			buildSettings = {
				ASSETCATALOG_COMPILER_APPICON_NAME = AppIcon;
				CODE_SIGN_STYLE = Automatic;
				INFOPLIST_FILE = ClosureMemoryLeak/Info.plist;
				IPHONEOS_DEPLOYMENT_TARGET = 10.0;
				LD_RUNPATH_SEARCH_PATHS = "$(inherited) @executable_path/Frameworks";
				PRODUCT_BUNDLE_IDENTIFIER = com.udacity.ClosureMemoryLeak;
				PRODUCT_NAME = "$(TARGET_NAME)";
				SWIFT_VERSION = 4.0;
				TARGETED_DEVICE_FAMILY = "1,2";
			};
			name = Debug;
		};
		A941FDB91FB5FD88005AF2C0 /* Release */ = {
			isa = XCBuildConfiguration;
			buildSettings = {
				ASSETCATALOG_COMPILER_APPICON_NAME = AppIcon;
				CODE_SIGN_STYLE = Automatic;
				INFOPLIST_FILE = ClosureMemoryLeak/Info.plist;
				IPHONEOS_DEPLOYMENT_TARGET = 10.0;
				LD_RUNPATH_SEARCH_PATHS = "$(inherited) @executable_path/Frameworks";
				PRODUCT_BUNDLE_IDENTIFIER = com.udacity.ClosureMemoryLeak;
				PRODUCT_NAME = "$(TARGET_NAME)";
				SWIFT_VERSION = 4.0;
				TARGETED_DEVICE_FAMILY = "1,2";
			};
			name = Release;
		};
/* End XCBuildConfiguration section */

/* Begin XCConfigurationList section */
		A941FDA01FB5FD88005AF2C0 /* Build configuration list for PBXProject "ClosureMemoryLeak" */ = {
			isa = XCConfigurationList;
			buildConfigurations = (
				A941FDB51FB5FD88005AF2C0 /* Debug */,
				A941FDB61FB5FD88005AF2C0 /* Release */,
			);
			defaultConfigurationIsVisible = 0;
			defaultConfigurationName = Release;
		};
		A941FDB71FB5FD88005AF2C0 /* Build configuration list for PBXNativeTarget "ClosureMemoryLeak" */ = {
			isa = XCConfigurationList;
			buildConfigurations = (
				A941FDB81FB5FD88005AF2C0 /* Debug */,
				A941FDB91FB5FD88005AF2C0 /* Release */,
			);
			defaultConfigurationIsVisible = 0;
			defaultConfigurationName = Release;
		};
/* End XCConfigurationList section */
	};
	rootObject = A941FD9D1FB5FD88005AF2C0 /* Project object */;
}
